<?xml version="1.0" encoding="utf-8"?>
<Project ToolsVersion="4.0" xmlns="http://schemas.microsoft.com/developer/msbuild/2003">
  <ItemGroup>
    <Filter Include="Archivos de origen">
      <UniqueIdentifier>{4FC737F1-C7A5-4376-A066-2A32D752A2FF}</UniqueIdentifier>
      <Extensions>cpp;c;cc;cxx;def;odl;idl;hpj;bat;asm;asmx</Extensions>
    </Filter>
    <Filter Include="Archivos de encabezado">
      <UniqueIdentifier>{93995380-89BD-4b04-88EB-625FBE52EBFB}</UniqueIdentifier>
      <Extensions>h;hh;hpp;hxx;hm;inl;inc;ipp;xsd</Extensions>
    </Filter>
    <Filter Include="Archivos de recursos">
      <UniqueIdentifier>{67DA6AB6-F800-4c08-8B7A-83BB121AAD01}</UniqueIdentifier>
      <Extensions>rc;ico;cur;bmp;dlg;rc2;rct;bin;rgs;gif;jpg;jpeg;jpe;resx;tiff;tif;png;wav;mfcribbon-ms</Extensions>
    </Filter>
    <Filter Include="Archivos de encabezado\portales">
      <UniqueIdentifier>{46cde5e3-2700-4818-b92f-0617bf9125a0}</UniqueIdentifier>
    </Filter>
    <Filter Include="Archivos de origen\portales">
      <UniqueIdentifier>{c8b589ea-ca45-43e9-818c-b84ba7cbda59}</UniqueIdentifier>
    </Filter>
  </ItemGroup>
  <ItemGroup>
    <ClInclude Include="include\noticia.h">
      <Filter>Archivos de encabezado</Filter>
    </ClInclude>
    <ClInclude Include="include\portal.h">
      <Filter>Archivos de encabezado</Filter>
    </ClInclude>
    <ClInclude Include="include\lector.h">
      <Filter>Archivos de encabezado</Filter>
    </ClInclude>
    <ClInclude Include="include\clarin.h">
      <Filter>Archivos de encabezado\portales</Filter>
    </ClInclude>
    <ClInclude Include="include\la_nacion.h">
      <Filter>Archivos de encabezado\portales</Filter>
    </ClInclude>
    <ClInclude Include="include\infobae.h">
      <Filter>Archivos de encabezado\portales</Filter>
    </ClInclude>
    <ClInclude Include="include\fabrica_portales.h">
      <Filter>Archivos de encabezado</Filter>
    </ClInclude>
    <ClInclude Include="include\config.h">
      <Filter>Archivos de encabezado</Filter>
    </ClInclude>
    <ClInclude Include="include\pagina12.h">
      <Filter>Archivos de encabezado\portales</Filter>
    </ClInclude>
    <ClInclude Include="include\eldestape.h">
      <Filter>Archivos de encabezado\portales</Filter>
    </ClInclude>
  </ItemGroup>
  <ItemGroup>
    <ClCompile Include="source\noticia.cpp">
      <Filter>Archivos de origen</Filter>
    </ClCompile>
    <ClCompile Include="source\portal.cpp">
      <Filter>Archivos de origen</Filter>
    </ClCompile>
    <ClCompile Include="source\lector.cpp">
      <Filter>Archivos de origen</Filter>
    </ClCompile>
    <ClCompile Include="source\clarin.cpp">
      <Filter>Archivos de origen\portales</Filter>
    </ClCompile>
    <ClCompile Include="source\la_nacion.cpp">
      <Filter>Archivos de origen\portales</Filter>
    </ClCompile>
    <ClCompile Include="source\infobae.cpp">
      <Filter>Archivos de origen\portales</Filter>
    </ClCompile>
    <ClCompile Include="source\fabrica_portales.cpp">
      <Filter>Archivos de origen</Filter>
    </ClCompile>
    <ClCompile Include="source\config.cpp">
      <Filter>Archivos de origen</Filter>
    </ClCompile>
    <ClCompile Include="source\pagina12.cpp">
      <Filter>Archivos de origen\portales</Filter>
    </ClCompile>
    <ClCompile Include="source\eldestape.cpp">
      <Filter>Archivos de origen\portales</Filter>
    </ClCompile>
  </ItemGroup>
</Project>